// !$*UTF8*$!
{
	archiveVersion = 1;
	classes = {
	};
	objectVersion = 46;
	objects = {

/* Begin PBXBuildFile section */
		3D7D70541C0397700090A82C /* main.m in Sources */ = {isa = PBXBuildFile; fileRef = 3D7D70531C0397700090A82C /* main.m */; };
		3D7D70571C0397700090A82C /* AppDelegate.m in Sources */ = {isa = PBXBuildFile; fileRef = 3D7D70561C0397700090A82C /* AppDelegate.m */; };
		3D7D705A1C0397700090A82C /* ViewController.m in Sources */ = {isa = PBXBuildFile; fileRef = 3D7D70591C0397700090A82C /* ViewController.m */; };
		3D7D705D1C0397700090A82C /* Main.storyboard in Resources */ = {isa = PBXBuildFile; fileRef = 3D7D705B1C0397700090A82C /* Main.storyboard */; };
		3D7D705F1C0397700090A82C /* Assets.xcassets in Resources */ = {isa = PBXBuildFile; fileRef = 3D7D705E1C0397700090A82C /* Assets.xcassets */; };
		3D7D70621C0397700090A82C /* LaunchScreen.storyboard in Resources */ = {isa = PBXBuildFile; fileRef = 3D7D70601C0397700090A82C /* LaunchScreen.storyboard */; };
		3D7D706D1C0397700090A82C /* ReminderTests.m in Sources */ = {isa = PBXBuildFile; fileRef = 3D7D706C1C0397700090A82C /* ReminderTests.m */; };
		3D7D70781C0397700090A82C /* ReminderUITests.m in Sources */ = {isa = PBXBuildFile; fileRef = 3D7D70771C0397700090A82C /* ReminderUITests.m */; };
		3D7D70871C0397E60090A82C /* MapKit.framework in Frameworks */ = {isa = PBXBuildFile; fileRef = 3D7D70861C0397E60090A82C /* MapKit.framework */; };
		3D7D70891C0398CE0090A82C /* CoreLocation.framework in Frameworks */ = {isa = PBXBuildFile; fileRef = 3D7D70881C0398CE0090A82C /* CoreLocation.framework */; };
		3D7D708F1C03C9F40090A82C /* DetailViewController.m in Sources */ = {isa = PBXBuildFile; fileRef = 3D7D708E1C03C9F40090A82C /* DetailViewController.m */; };
		3D7D70911C03CB1E0090A82C /* AudioToolbox.framework in Frameworks */ = {isa = PBXBuildFile; fileRef = 3D7D70901C03CB1E0090A82C /* AudioToolbox.framework */; };
		3D7D70931C03CB250090A82C /* CFNetwork.framework in Frameworks */ = {isa = PBXBuildFile; fileRef = 3D7D70921C03CB250090A82C /* CFNetwork.framework */; };
		3D7D70951C03CB2C0090A82C /* CoreGraphics.framework in Frameworks */ = {isa = PBXBuildFile; fileRef = 3D7D70941C03CB2C0090A82C /* CoreGraphics.framework */; };
		3D7D70971C03CB330090A82C /* QuartzCore.framework in Frameworks */ = {isa = PBXBuildFile; fileRef = 3D7D70961C03CB330090A82C /* QuartzCore.framework */; };
		3D7D70991C03CB3A0090A82C /* Security.framework in Frameworks */ = {isa = PBXBuildFile; fileRef = 3D7D70981C03CB3A0090A82C /* Security.framework */; };
		3D7D709B1C03CB420090A82C /* Social.framework in Frameworks */ = {isa = PBXBuildFile; fileRef = 3D7D709A1C03CB420090A82C /* Social.framework */; };
		3D7D709D1C03CB4A0090A82C /* StoreKit.framework in Frameworks */ = {isa = PBXBuildFile; fileRef = 3D7D709C1C03CB4A0090A82C /* StoreKit.framework */; };
		3D7D709F1C03CB520090A82C /* SystemConfiguration.framework in Frameworks */ = {isa = PBXBuildFile; fileRef = 3D7D709E1C03CB520090A82C /* SystemConfiguration.framework */; };
		3D7D70A11C03CB5B0090A82C /* libz.1.1.3.tbd in Frameworks */ = {isa = PBXBuildFile; fileRef = 3D7D70A01C03CB5B0090A82C /* libz.1.1.3.tbd */; };
		3D7D70A31C03CB640090A82C /* libsqlite3.0.tbd in Frameworks */ = {isa = PBXBuildFile; fileRef = 3D7D70A21C03CB640090A82C /* libsqlite3.0.tbd */; };
		3D7D70A51C03CB6E0090A82C /* Accounts.framework in Frameworks */ = {isa = PBXBuildFile; fileRef = 3D7D70A41C03CB6E0090A82C /* Accounts.framework */; };
		3D7D70AD1C03CBA90090A82C /* Bolts.framework in Frameworks */ = {isa = PBXBuildFile; fileRef = 3D7D70A71C03CBA90090A82C /* Bolts.framework */; };
		3D7D70AE1C03CBA90090A82C /* ParseFacebookUtils.framework in Frameworks */ = {isa = PBXBuildFile; fileRef = 3D7D70A81C03CBA90090A82C /* ParseFacebookUtils.framework */; };
		3D7D70AF1C03CBA90090A82C /* ParseFacebookUtilsV4.framework in Frameworks */ = {isa = PBXBuildFile; fileRef = 3D7D70A91C03CBA90090A82C /* ParseFacebookUtilsV4.framework */; };
		3D7D70B01C03CBA90090A82C /* ParseTwitterUtils.framework in Frameworks */ = {isa = PBXBuildFile; fileRef = 3D7D70AA1C03CBA90090A82C /* ParseTwitterUtils.framework */; };
		3D7D70B11C03CBA90090A82C /* ParseUI.framework in Frameworks */ = {isa = PBXBuildFile; fileRef = 3D7D70AB1C03CBA90090A82C /* ParseUI.framework */; };
		3D7D70B21C03CBA90090A82C /* Parse.framework in Frameworks */ = {isa = PBXBuildFile; fileRef = 3D7D70AC1C03CBA90090A82C /* Parse.framework */; };
		3D7D70B41C03CEA40090A82C /* ParseKey.m in Sources */ = {isa = PBXBuildFile; fileRef = 3D7D70B31C03CEA40090A82C /* ParseKey.m */; };
		3D7D70B91C041B920090A82C /* prince.png in Resources */ = {isa = PBXBuildFile; fileRef = 3D7D70B81C041B920090A82C /* prince.png */; };
		3D7D70FC1C04E0640090A82C /* LocationController.m in Sources */ = {isa = PBXBuildFile; fileRef = 3D7D70FB1C04E0640090A82C /* LocationController.m */; };
		3D7D711A1C0522780090A82C /* Icon.png in Resources */ = {isa = PBXBuildFile; fileRef = 3D7D71091C0522780090A82C /* Icon.png */; };
		3D7D711B1C0522780090A82C /* Icon@2x.png in Resources */ = {isa = PBXBuildFile; fileRef = 3D7D710A1C0522780090A82C /* Icon@2x.png */; };
		3D7D711C1C0522780090A82C /* Default.png in Resources */ = {isa = PBXBuildFile; fileRef = 3D7D710B1C0522780090A82C /* Default.png */; };
		3D7D711D1C0522780090A82C /* Default@2x.png in Resources */ = {isa = PBXBuildFile; fileRef = 3D7D710C1C0522780090A82C /* Default@2x.png */; };
		3D7D711E1C0522780090A82C /* Default-568h@2x.png in Resources */ = {isa = PBXBuildFile; fileRef = 3D7D710D1C0522780090A82C /* Default-568h@2x.png */; };
		3D7D711F1C0522780090A82C /* Exit.png in Resources */ = {isa = PBXBuildFile; fileRef = 3D7D710E1C0522780090A82C /* Exit.png */; };
		3D7D71201C0522780090A82C /* ExitDown.png in Resources */ = {isa = PBXBuildFile; fileRef = 3D7D710F1C0522780090A82C /* ExitDown.png */; };
		3D7D71211C0522780090A82C /* Facebook.png in Resources */ = {isa = PBXBuildFile; fileRef = 3D7D71101C0522780090A82C /* Facebook.png */; };
		3D7D71221C0522780090A82C /* FacebookDown.png in Resources */ = {isa = PBXBuildFile; fileRef = 3D7D71111C0522780090A82C /* FacebookDown.png */; };
		3D7D71231C0522780090A82C /* LoginFieldBG.png in Resources */ = {isa = PBXBuildFile; fileRef = 3D7D71121C0522780090A82C /* LoginFieldBG.png */; };
		3D7D71241C0522780090A82C /* Logo.png in Resources */ = {isa = PBXBuildFile; fileRef = 3D7D71131C0522780090A82C /* Logo.png */; };
		3D7D71251C0522780090A82C /* MainBG.png in Resources */ = {isa = PBXBuildFile; fileRef = 3D7D71141C0522780090A82C /* MainBG.png */; };
		3D7D71261C0522780090A82C /* SignUp.png in Resources */ = {isa = PBXBuildFile; fileRef = 3D7D71151C0522780090A82C /* SignUp.png */; };
		3D7D71271C0522780090A82C /* SignUpDown.png in Resources */ = {isa = PBXBuildFile; fileRef = 3D7D71161C0522780090A82C /* SignUpDown.png */; };
		3D7D71281C0522780090A82C /* SignUpFieldBG.png in Resources */ = {isa = PBXBuildFile; fileRef = 3D7D71171C0522780090A82C /* SignUpFieldBG.png */; };
		3D7D71291C0522780090A82C /* Twitter.png in Resources */ = {isa = PBXBuildFile; fileRef = 3D7D71181C0522780090A82C /* Twitter.png */; };
		3D7D712A1C0522780090A82C /* TwitterDown.png in Resources */ = {isa = PBXBuildFile; fileRef = 3D7D71191C0522780090A82C /* TwitterDown.png */; };
		3D7D712E1C0525E80090A82C /* LoginViewController.m in Sources */ = {isa = PBXBuildFile; fileRef = 3D7D712D1C0525E80090A82C /* LoginViewController.m */; };
/* End PBXBuildFile section */

/* Begin PBXContainerItemProxy section */
		3D7D70691C0397700090A82C /* PBXContainerItemProxy */ = {
			isa = PBXContainerItemProxy;
			containerPortal = 3D7D70471C0397700090A82C /* Project object */;
			proxyType = 1;
			remoteGlobalIDString = 3D7D704E1C0397700090A82C;
			remoteInfo = Reminder;
		};
		3D7D70741C0397700090A82C /* PBXContainerItemProxy */ = {
			isa = PBXContainerItemProxy;
			containerPortal = 3D7D70471C0397700090A82C /* Project object */;
			proxyType = 1;
			remoteGlobalIDString = 3D7D704E1C0397700090A82C;
			remoteInfo = Reminder;
		};
/* End PBXContainerItemProxy section */

/* Begin PBXFileReference section */
		3D7D704F1C0397700090A82C /* Reminder.app */ = {isa = PBXFileReference; explicitFileType = wrapper.application; includeInIndex = 0; path = Reminder.app; sourceTree = BUILT_PRODUCTS_DIR; };
		3D7D70531C0397700090A82C /* main.m */ = {isa = PBXFileReference; lastKnownFileType = sourcecode.c.objc; path = main.m; sourceTree = "<group>"; };
		3D7D70551C0397700090A82C /* AppDelegate.h */ = {isa = PBXFileReference; lastKnownFileType = sourcecode.c.h; path = AppDelegate.h; sourceTree = "<group>"; };
		3D7D70561C0397700090A82C /* AppDelegate.m */ = {isa = PBXFileReference; lastKnownFileType = sourcecode.c.objc; path = AppDelegate.m; sourceTree = "<group>"; };
		3D7D70581C0397700090A82C /* ViewController.h */ = {isa = PBXFileReference; lastKnownFileType = sourcecode.c.h; name = ViewController.h; path = Reminder/ViewController.h; sourceTree = "<group>"; };
		3D7D70591C0397700090A82C /* ViewController.m */ = {isa = PBXFileReference; lastKnownFileType = sourcecode.c.objc; name = ViewController.m; path = Reminder/ViewController.m; sourceTree = "<group>"; };
		3D7D705C1C0397700090A82C /* Base */ = {isa = PBXFileReference; lastKnownFileType = file.storyboard; name = Base; path = Base.lproj/Main.storyboard; sourceTree = "<group>"; };
		3D7D705E1C0397700090A82C /* Assets.xcassets */ = {isa = PBXFileReference; lastKnownFileType = folder.assetcatalog; path = Assets.xcassets; sourceTree = "<group>"; };
		3D7D70611C0397700090A82C /* Base */ = {isa = PBXFileReference; lastKnownFileType = file.storyboard; name = Base; path = Base.lproj/LaunchScreen.storyboard; sourceTree = "<group>"; };
		3D7D70631C0397700090A82C /* Info.plist */ = {isa = PBXFileReference; lastKnownFileType = text.plist.xml; path = Info.plist; sourceTree = "<group>"; };
		3D7D70681C0397700090A82C /* ReminderTests.xctest */ = {isa = PBXFileReference; explicitFileType = wrapper.cfbundle; includeInIndex = 0; path = ReminderTests.xctest; sourceTree = BUILT_PRODUCTS_DIR; };
		3D7D706C1C0397700090A82C /* ReminderTests.m */ = {isa = PBXFileReference; lastKnownFileType = sourcecode.c.objc; path = ReminderTests.m; sourceTree = "<group>"; };
		3D7D706E1C0397700090A82C /* Info.plist */ = {isa = PBXFileReference; lastKnownFileType = text.plist.xml; path = Info.plist; sourceTree = "<group>"; };
		3D7D70731C0397700090A82C /* ReminderUITests.xctest */ = {isa = PBXFileReference; explicitFileType = wrapper.cfbundle; includeInIndex = 0; path = ReminderUITests.xctest; sourceTree = BUILT_PRODUCTS_DIR; };
		3D7D70771C0397700090A82C /* ReminderUITests.m */ = {isa = PBXFileReference; lastKnownFileType = sourcecode.c.objc; path = ReminderUITests.m; sourceTree = "<group>"; };
		3D7D70791C0397700090A82C /* Info.plist */ = {isa = PBXFileReference; lastKnownFileType = text.plist.xml; path = Info.plist; sourceTree = "<group>"; };
		3D7D70861C0397E60090A82C /* MapKit.framework */ = {isa = PBXFileReference; lastKnownFileType = wrapper.framework; name = MapKit.framework; path = System/Library/Frameworks/MapKit.framework; sourceTree = SDKROOT; };
		3D7D70881C0398CE0090A82C /* CoreLocation.framework */ = {isa = PBXFileReference; lastKnownFileType = wrapper.framework; name = CoreLocation.framework; path = System/Library/Frameworks/CoreLocation.framework; sourceTree = SDKROOT; };
		3D7D708D1C03C9F40090A82C /* DetailViewController.h */ = {isa = PBXFileReference; fileEncoding = 4; lastKnownFileType = sourcecode.c.h; path = DetailViewController.h; sourceTree = "<group>"; };
		3D7D708E1C03C9F40090A82C /* DetailViewController.m */ = {isa = PBXFileReference; fileEncoding = 4; lastKnownFileType = sourcecode.c.objc; path = DetailViewController.m; sourceTree = "<group>"; };
		3D7D70901C03CB1E0090A82C /* AudioToolbox.framework */ = {isa = PBXFileReference; lastKnownFileType = wrapper.framework; name = AudioToolbox.framework; path = System/Library/Frameworks/AudioToolbox.framework; sourceTree = SDKROOT; };
		3D7D70921C03CB250090A82C /* CFNetwork.framework */ = {isa = PBXFileReference; lastKnownFileType = wrapper.framework; name = CFNetwork.framework; path = System/Library/Frameworks/CFNetwork.framework; sourceTree = SDKROOT; };
		3D7D70941C03CB2C0090A82C /* CoreGraphics.framework */ = {isa = PBXFileReference; lastKnownFileType = wrapper.framework; name = CoreGraphics.framework; path = System/Library/Frameworks/CoreGraphics.framework; sourceTree = SDKROOT; };
		3D7D70961C03CB330090A82C /* QuartzCore.framework */ = {isa = PBXFileReference; lastKnownFileType = wrapper.framework; name = QuartzCore.framework; path = System/Library/Frameworks/QuartzCore.framework; sourceTree = SDKROOT; };
		3D7D70981C03CB3A0090A82C /* Security.framework */ = {isa = PBXFileReference; lastKnownFileType = wrapper.framework; name = Security.framework; path = System/Library/Frameworks/Security.framework; sourceTree = SDKROOT; };
		3D7D709A1C03CB420090A82C /* Social.framework */ = {isa = PBXFileReference; lastKnownFileType = wrapper.framework; name = Social.framework; path = System/Library/Frameworks/Social.framework; sourceTree = SDKROOT; };
		3D7D709C1C03CB4A0090A82C /* StoreKit.framework */ = {isa = PBXFileReference; lastKnownFileType = wrapper.framework; name = StoreKit.framework; path = System/Library/Frameworks/StoreKit.framework; sourceTree = SDKROOT; };
		3D7D709E1C03CB520090A82C /* SystemConfiguration.framework */ = {isa = PBXFileReference; lastKnownFileType = wrapper.framework; name = SystemConfiguration.framework; path = System/Library/Frameworks/SystemConfiguration.framework; sourceTree = SDKROOT; };
		3D7D70A01C03CB5B0090A82C /* libz.1.1.3.tbd */ = {isa = PBXFileReference; lastKnownFileType = "sourcecode.text-based-dylib-definition"; name = libz.1.1.3.tbd; path = usr/lib/libz.1.1.3.tbd; sourceTree = SDKROOT; };
		3D7D70A21C03CB640090A82C /* libsqlite3.0.tbd */ = {isa = PBXFileReference; lastKnownFileType = "sourcecode.text-based-dylib-definition"; name = libsqlite3.0.tbd; path = usr/lib/libsqlite3.0.tbd; sourceTree = SDKROOT; };
		3D7D70A41C03CB6E0090A82C /* Accounts.framework */ = {isa = PBXFileReference; lastKnownFileType = wrapper.framework; name = Accounts.framework; path = System/Library/Frameworks/Accounts.framework; sourceTree = SDKROOT; };
		3D7D70A71C03CBA90090A82C /* Bolts.framework */ = {isa = PBXFileReference; lastKnownFileType = wrapper.framework; path = Bolts.framework; sourceTree = "<group>"; };
		3D7D70A81C03CBA90090A82C /* ParseFacebookUtils.framework */ = {isa = PBXFileReference; lastKnownFileType = wrapper.framework; path = ParseFacebookUtils.framework; sourceTree = "<group>"; };
		3D7D70A91C03CBA90090A82C /* ParseFacebookUtilsV4.framework */ = {isa = PBXFileReference; lastKnownFileType = wrapper.framework; path = ParseFacebookUtilsV4.framework; sourceTree = "<group>"; };
		3D7D70AA1C03CBA90090A82C /* ParseTwitterUtils.framework */ = {isa = PBXFileReference; lastKnownFileType = wrapper.framework; path = ParseTwitterUtils.framework; sourceTree = "<group>"; };
		3D7D70AB1C03CBA90090A82C /* ParseUI.framework */ = {isa = PBXFileReference; lastKnownFileType = wrapper.framework; path = ParseUI.framework; sourceTree = "<group>"; };
		3D7D70AC1C03CBA90090A82C /* Parse.framework */ = {isa = PBXFileReference; lastKnownFileType = wrapper.framework; path = Parse.framework; sourceTree = "<group>"; };
		3D7D70B31C03CEA40090A82C /* ParseKey.m */ = {isa = PBXFileReference; fileEncoding = 4; lastKnownFileType = sourcecode.c.objc; path = ParseKey.m; sourceTree = "<group>"; };
		3D7D70B81C041B920090A82C /* prince.png */ = {isa = PBXFileReference; lastKnownFileType = image.png; path = prince.png; sourceTree = "<group>"; };
		3D7D70FA1C04E0640090A82C /* LocationController.h */ = {isa = PBXFileReference; fileEncoding = 4; lastKnownFileType = sourcecode.c.h; path = LocationController.h; sourceTree = "<group>"; };
		3D7D70FB1C04E0640090A82C /* LocationController.m */ = {isa = PBXFileReference; fileEncoding = 4; lastKnownFileType = sourcecode.c.objc; path = LocationController.m; sourceTree = "<group>"; };
		3D7D71091C0522780090A82C /* Icon.png */ = {isa = PBXFileReference; lastKnownFileType = image.png; path = Icon.png; sourceTree = "<group>"; };
		3D7D710A1C0522780090A82C /* Icon@2x.png */ = {isa = PBXFileReference; lastKnownFileType = image.png; path = "Icon@2x.png"; sourceTree = "<group>"; };
		3D7D710B1C0522780090A82C /* Default.png */ = {isa = PBXFileReference; lastKnownFileType = image.png; path = Default.png; sourceTree = "<group>"; };
		3D7D710C1C0522780090A82C /* Default@2x.png */ = {isa = PBXFileReference; lastKnownFileType = image.png; path = "Default@2x.png"; sourceTree = "<group>"; };
		3D7D710D1C0522780090A82C /* Default-568h@2x.png */ = {isa = PBXFileReference; lastKnownFileType = image.png; path = "Default-568h@2x.png"; sourceTree = "<group>"; };
		3D7D710E1C0522780090A82C /* Exit.png */ = {isa = PBXFileReference; lastKnownFileType = image.png; path = Exit.png; sourceTree = "<group>"; };
		3D7D710F1C0522780090A82C /* ExitDown.png */ = {isa = PBXFileReference; lastKnownFileType = image.png; path = ExitDown.png; sourceTree = "<group>"; };
		3D7D71101C0522780090A82C /* Facebook.png */ = {isa = PBXFileReference; lastKnownFileType = image.png; path = Facebook.png; sourceTree = "<group>"; };
		3D7D71111C0522780090A82C /* FacebookDown.png */ = {isa = PBXFileReference; lastKnownFileType = image.png; path = FacebookDown.png; sourceTree = "<group>"; };
		3D7D71121C0522780090A82C /* LoginFieldBG.png */ = {isa = PBXFileReference; lastKnownFileType = image.png; path = LoginFieldBG.png; sourceTree = "<group>"; };
		3D7D71131C0522780090A82C /* Logo.png */ = {isa = PBXFileReference; lastKnownFileType = image.png; path = Logo.png; sourceTree = "<group>"; };
		3D7D71141C0522780090A82C /* MainBG.png */ = {isa = PBXFileReference; lastKnownFileType = image.png; path = MainBG.png; sourceTree = "<group>"; };
		3D7D71151C0522780090A82C /* SignUp.png */ = {isa = PBXFileReference; lastKnownFileType = image.png; path = SignUp.png; sourceTree = "<group>"; };
		3D7D71161C0522780090A82C /* SignUpDown.png */ = {isa = PBXFileReference; lastKnownFileType = image.png; path = SignUpDown.png; sourceTree = "<group>"; };
		3D7D71171C0522780090A82C /* SignUpFieldBG.png */ = {isa = PBXFileReference; lastKnownFileType = image.png; path = SignUpFieldBG.png; sourceTree = "<group>"; };
		3D7D71181C0522780090A82C /* Twitter.png */ = {isa = PBXFileReference; lastKnownFileType = image.png; path = Twitter.png; sourceTree = "<group>"; };
		3D7D71191C0522780090A82C /* TwitterDown.png */ = {isa = PBXFileReference; lastKnownFileType = image.png; path = TwitterDown.png; sourceTree = "<group>"; };
		3D7D712C1C0525E80090A82C /* LoginViewController.h */ = {isa = PBXFileReference; fileEncoding = 4; lastKnownFileType = sourcecode.c.h; path = LoginViewController.h; sourceTree = "<group>"; };
		3D7D712D1C0525E80090A82C /* LoginViewController.m */ = {isa = PBXFileReference; fileEncoding = 4; lastKnownFileType = sourcecode.c.objc; path = LoginViewController.m; sourceTree = "<group>"; };
/* End PBXFileReference section */

/* Begin PBXFrameworksBuildPhase section */
		3D7D704C1C0397700090A82C /* Frameworks */ = {
			isa = PBXFrameworksBuildPhase;
			buildActionMask = 2147483647;
			files = (
				3D7D70B11C03CBA90090A82C /* ParseUI.framework in Frameworks */,
				3D7D70A51C03CB6E0090A82C /* Accounts.framework in Frameworks */,
				3D7D70A31C03CB640090A82C /* libsqlite3.0.tbd in Frameworks */,
				3D7D70A11C03CB5B0090A82C /* libz.1.1.3.tbd in Frameworks */,
				3D7D709F1C03CB520090A82C /* SystemConfiguration.framework in Frameworks */,
				3D7D709D1C03CB4A0090A82C /* StoreKit.framework in Frameworks */,
				3D7D709B1C03CB420090A82C /* Social.framework in Frameworks */,
				3D7D70991C03CB3A0090A82C /* Security.framework in Frameworks */,
				3D7D70971C03CB330090A82C /* QuartzCore.framework in Frameworks */,
				3D7D70AE1C03CBA90090A82C /* ParseFacebookUtils.framework in Frameworks */,
				3D7D70951C03CB2C0090A82C /* CoreGraphics.framework in Frameworks */,
				3D7D70AF1C03CBA90090A82C /* ParseFacebookUtilsV4.framework in Frameworks */,
				3D7D70931C03CB250090A82C /* CFNetwork.framework in Frameworks */,
				3D7D70B21C03CBA90090A82C /* Parse.framework in Frameworks */,
				3D7D70911C03CB1E0090A82C /* AudioToolbox.framework in Frameworks */,
				3D7D70891C0398CE0090A82C /* CoreLocation.framework in Frameworks */,
				3D7D70B01C03CBA90090A82C /* ParseTwitterUtils.framework in Frameworks */,
				3D7D70871C0397E60090A82C /* MapKit.framework in Frameworks */,
				3D7D70AD1C03CBA90090A82C /* Bolts.framework in Frameworks */,
			);
			runOnlyForDeploymentPostprocessing = 0;
		};
		3D7D70651C0397700090A82C /* Frameworks */ = {
			isa = PBXFrameworksBuildPhase;
			buildActionMask = 2147483647;
			files = (
			);
			runOnlyForDeploymentPostprocessing = 0;
		};
		3D7D70701C0397700090A82C /* Frameworks */ = {
			isa = PBXFrameworksBuildPhase;
			buildActionMask = 2147483647;
			files = (
			);
			runOnlyForDeploymentPostprocessing = 0;
		};
/* End PBXFrameworksBuildPhase section */

/* Begin PBXGroup section */
		3D7D70461C0397700090A82C = {
			isa = PBXGroup;
			children = (
				3D7D70F91C04E0080090A82C /* View */,
				3D7D70851C0397CA0090A82C /* Controller */,
				3D7D70511C0397700090A82C /* Reminder */,
				3D7D70A61C03CB760090A82C /* FRAMEWORKS */,
				3D7D706B1C0397700090A82C /* ReminderTests */,
				3D7D70761C0397700090A82C /* ReminderUITests */,
				3D7D70501C0397700090A82C /* Products */,
				3D7D70B81C041B920090A82C /* prince.png */,
			);
			sourceTree = "<group>";
		};
		3D7D70501C0397700090A82C /* Products */ = {
			isa = PBXGroup;
			children = (
				3D7D704F1C0397700090A82C /* Reminder.app */,
				3D7D70681C0397700090A82C /* ReminderTests.xctest */,
				3D7D70731C0397700090A82C /* ReminderUITests.xctest */,
			);
			name = Products;
			sourceTree = "<group>";
		};
		3D7D70511C0397700090A82C /* Reminder */ = {
			isa = PBXGroup;
			children = (
				3D7D70551C0397700090A82C /* AppDelegate.h */,
				3D7D70561C0397700090A82C /* AppDelegate.m */,
				3D7D70B31C03CEA40090A82C /* ParseKey.m */,
				3D7D705E1C0397700090A82C /* Assets.xcassets */,
				3D7D712B1C05232E0090A82C /* Images */,
				3D7D70521C0397700090A82C /* Supporting Files */,
			);
			path = Reminder;
			sourceTree = "<group>";
		};
		3D7D70521C0397700090A82C /* Supporting Files */ = {
			isa = PBXGroup;
			children = (
				3D7D70631C0397700090A82C /* Info.plist */,
				3D7D70531C0397700090A82C /* main.m */,
			);
			name = "Supporting Files";
			sourceTree = "<group>";
		};
		3D7D706B1C0397700090A82C /* ReminderTests */ = {
			isa = PBXGroup;
			children = (
				3D7D706C1C0397700090A82C /* ReminderTests.m */,
				3D7D706E1C0397700090A82C /* Info.plist */,
			);
			path = ReminderTests;
			sourceTree = "<group>";
		};
		3D7D70761C0397700090A82C /* ReminderUITests */ = {
			isa = PBXGroup;
			children = (
				3D7D70771C0397700090A82C /* ReminderUITests.m */,
				3D7D70791C0397700090A82C /* Info.plist */,
			);
			path = ReminderUITests;
			sourceTree = "<group>";
		};
		3D7D70851C0397CA0090A82C /* Controller */ = {
			isa = PBXGroup;
			children = (
				3D7D70FA1C04E0640090A82C /* LocationController.h */,
				3D7D70FB1C04E0640090A82C /* LocationController.m */,
				3D7D70581C0397700090A82C /* ViewController.h */,
				3D7D70591C0397700090A82C /* ViewController.m */,
				3D7D708D1C03C9F40090A82C /* DetailViewController.h */,
				3D7D708E1C03C9F40090A82C /* DetailViewController.m */,
				3D7D712C1C0525E80090A82C /* LoginViewController.h */,
				3D7D712D1C0525E80090A82C /* LoginViewController.m */,
			);
			name = Controller;
			sourceTree = "<group>";
		};
		3D7D70A61C03CB760090A82C /* FRAMEWORKS */ = {
			isa = PBXGroup;
			children = (
				3D7D70A71C03CBA90090A82C /* Bolts.framework */,
				3D7D70A81C03CBA90090A82C /* ParseFacebookUtils.framework */,
				3D7D70A91C03CBA90090A82C /* ParseFacebookUtilsV4.framework */,
				3D7D70AA1C03CBA90090A82C /* ParseTwitterUtils.framework */,
				3D7D70AB1C03CBA90090A82C /* ParseUI.framework */,
				3D7D70AC1C03CBA90090A82C /* Parse.framework */,
				3D7D70861C0397E60090A82C /* MapKit.framework */,
				3D7D70881C0398CE0090A82C /* CoreLocation.framework */,
				3D7D70A41C03CB6E0090A82C /* Accounts.framework */,
				3D7D70A21C03CB640090A82C /* libsqlite3.0.tbd */,
				3D7D70A01C03CB5B0090A82C /* libz.1.1.3.tbd */,
				3D7D709E1C03CB520090A82C /* SystemConfiguration.framework */,
				3D7D709C1C03CB4A0090A82C /* StoreKit.framework */,
				3D7D709A1C03CB420090A82C /* Social.framework */,
				3D7D70981C03CB3A0090A82C /* Security.framework */,
				3D7D70961C03CB330090A82C /* QuartzCore.framework */,
				3D7D70941C03CB2C0090A82C /* CoreGraphics.framework */,
				3D7D70921C03CB250090A82C /* CFNetwork.framework */,
				3D7D70901C03CB1E0090A82C /* AudioToolbox.framework */,
			);
			name = FRAMEWORKS;
			sourceTree = "<group>";
		};
		3D7D70F91C04E0080090A82C /* View */ = {
			isa = PBXGroup;
			children = (
				3D7D705B1C0397700090A82C /* Main.storyboard */,
				3D7D70601C0397700090A82C /* LaunchScreen.storyboard */,
			);
			name = View;
			sourceTree = "<group>";
		};
		3D7D712B1C05232E0090A82C /* Images */ = {
			isa = PBXGroup;
			children = (
				3D7D71091C0522780090A82C /* Icon.png */,
				3D7D710A1C0522780090A82C /* Icon@2x.png */,
				3D7D710B1C0522780090A82C /* Default.png */,
				3D7D710C1C0522780090A82C /* Default@2x.png */,
				3D7D710D1C0522780090A82C /* Default-568h@2x.png */,
				3D7D710E1C0522780090A82C /* Exit.png */,
				3D7D710F1C0522780090A82C /* ExitDown.png */,
				3D7D71101C0522780090A82C /* Facebook.png */,
				3D7D71111C0522780090A82C /* FacebookDown.png */,
				3D7D71121C0522780090A82C /* LoginFieldBG.png */,
				3D7D71131C0522780090A82C /* Logo.png */,
				3D7D71141C0522780090A82C /* MainBG.png */,
				3D7D71151C0522780090A82C /* SignUp.png */,
				3D7D71161C0522780090A82C /* SignUpDown.png */,
				3D7D71171C0522780090A82C /* SignUpFieldBG.png */,
				3D7D71181C0522780090A82C /* Twitter.png */,
				3D7D71191C0522780090A82C /* TwitterDown.png */,
			);
			name = Images;
			sourceTree = "<group>";
		};
/* End PBXGroup section */

/* Begin PBXNativeTarget section */
		3D7D704E1C0397700090A82C /* Reminder */ = {
			isa = PBXNativeTarget;
			buildConfigurationList = 3D7D707C1C0397700090A82C /* Build configuration list for PBXNativeTarget "Reminder" */;
			buildPhases = (
				3D7D704B1C0397700090A82C /* Sources */,
				3D7D704C1C0397700090A82C /* Frameworks */,
				3D7D704D1C0397700090A82C /* Resources */,
			);
			buildRules = (
			);
			dependencies = (
			);
			name = Reminder;
			productName = Reminder;
			productReference = 3D7D704F1C0397700090A82C /* Reminder.app */;
			productType = "com.apple.product-type.application";
		};
		3D7D70671C0397700090A82C /* ReminderTests */ = {
			isa = PBXNativeTarget;
			buildConfigurationList = 3D7D707F1C0397700090A82C /* Build configuration list for PBXNativeTarget "ReminderTests" */;
			buildPhases = (
				3D7D70641C0397700090A82C /* Sources */,
				3D7D70651C0397700090A82C /* Frameworks */,
				3D7D70661C0397700090A82C /* Resources */,
			);
			buildRules = (
			);
			dependencies = (
				3D7D706A1C0397700090A82C /* PBXTargetDependency */,
			);
			name = ReminderTests;
			productName = ReminderTests;
			productReference = 3D7D70681C0397700090A82C /* ReminderTests.xctest */;
			productType = "com.apple.product-type.bundle.unit-test";
		};
		3D7D70721C0397700090A82C /* ReminderUITests */ = {
			isa = PBXNativeTarget;
			buildConfigurationList = 3D7D70821C0397700090A82C /* Build configuration list for PBXNativeTarget "ReminderUITests" */;
			buildPhases = (
				3D7D706F1C0397700090A82C /* Sources */,
				3D7D70701C0397700090A82C /* Frameworks */,
				3D7D70711C0397700090A82C /* Resources */,
			);
			buildRules = (
			);
			dependencies = (
				3D7D70751C0397700090A82C /* PBXTargetDependency */,
			);
			name = ReminderUITests;
			productName = ReminderUITests;
			productReference = 3D7D70731C0397700090A82C /* ReminderUITests.xctest */;
			productType = "com.apple.product-type.bundle.ui-testing";
		};
/* End PBXNativeTarget section */

/* Begin PBXProject section */
		3D7D70471C0397700090A82C /* Project object */ = {
			isa = PBXProject;
			attributes = {
				LastUpgradeCheck = 0710;
				ORGANIZATIONNAME = "Cynthia Whitlatch";
				TargetAttributes = {
					3D7D704E1C0397700090A82C = {
						CreatedOnToolsVersion = 7.1;
						SystemCapabilities = {
							com.apple.Maps.iOS = {
								enabled = 1;
							};
						};
					};
					3D7D70671C0397700090A82C = {
						CreatedOnToolsVersion = 7.1;
						TestTargetID = 3D7D704E1C0397700090A82C;
					};
					3D7D70721C0397700090A82C = {
						CreatedOnToolsVersion = 7.1;
						TestTargetID = 3D7D704E1C0397700090A82C;
					};
				};
			};
			buildConfigurationList = 3D7D704A1C0397700090A82C /* Build configuration list for PBXProject "Reminder" */;
			compatibilityVersion = "Xcode 3.2";
			developmentRegion = English;
			hasScannedForEncodings = 0;
			knownRegions = (
				en,
				Base,
			);
			mainGroup = 3D7D70461C0397700090A82C;
			productRefGroup = 3D7D70501C0397700090A82C /* Products */;
			projectDirPath = "";
			projectRoot = "";
			targets = (
				3D7D704E1C0397700090A82C /* Reminder */,
				3D7D70671C0397700090A82C /* ReminderTests */,
				3D7D70721C0397700090A82C /* ReminderUITests */,
			);
		};
/* End PBXProject section */

/* Begin PBXResourcesBuildPhase section */
		3D7D704D1C0397700090A82C /* Resources */ = {
			isa = PBXResourcesBuildPhase;
			buildActionMask = 2147483647;
			files = (
				3D7D711D1C0522780090A82C /* Default@2x.png in Resources */,
				3D7D70621C0397700090A82C /* LaunchScreen.storyboard in Resources */,
				3D7D711E1C0522780090A82C /* Default-568h@2x.png in Resources */,
				3D7D71201C0522780090A82C /* ExitDown.png in Resources */,
				3D7D711B1C0522780090A82C /* Icon@2x.png in Resources */,
				3D7D71231C0522780090A82C /* LoginFieldBG.png in Resources */,
				3D7D71221C0522780090A82C /* FacebookDown.png in Resources */,
				3D7D705F1C0397700090A82C /* Assets.xcassets in Resources */,
				3D7D711A1C0522780090A82C /* Icon.png in Resources */,
				3D7D712A1C0522780090A82C /* TwitterDown.png in Resources */,
				3D7D711C1C0522780090A82C /* Default.png in Resources */,
				3D7D711F1C0522780090A82C /* Exit.png in Resources */,
				3D7D71251C0522780090A82C /* MainBG.png in Resources */,
				3D7D71211C0522780090A82C /* Facebook.png in Resources */,
				3D7D71291C0522780090A82C /* Twitter.png in Resources */,
				3D7D71241C0522780090A82C /* Logo.png in Resources */,
				3D7D71261C0522780090A82C /* SignUp.png in Resources */,
				3D7D70B91C041B920090A82C /* prince.png in Resources */,
				3D7D705D1C0397700090A82C /* Main.storyboard in Resources */,
				3D7D71271C0522780090A82C /* SignUpDown.png in Resources */,
				3D7D71281C0522780090A82C /* SignUpFieldBG.png in Resources */,
			);
			runOnlyForDeploymentPostprocessing = 0;
		};
		3D7D70661C0397700090A82C /* Resources */ = {
			isa = PBXResourcesBuildPhase;
			buildActionMask = 2147483647;
			files = (
			);
			runOnlyForDeploymentPostprocessing = 0;
		};
		3D7D70711C0397700090A82C /* Resources */ = {
			isa = PBXResourcesBuildPhase;
			buildActionMask = 2147483647;
			files = (
			);
			runOnlyForDeploymentPostprocessing = 0;
		};
/* End PBXResourcesBuildPhase section */

/* Begin PBXSourcesBuildPhase section */
		3D7D704B1C0397700090A82C /* Sources */ = {
			isa = PBXSourcesBuildPhase;
			buildActionMask = 2147483647;
			files = (
				3D7D705A1C0397700090A82C /* ViewController.m in Sources */,
				3D7D70571C0397700090A82C /* AppDelegate.m in Sources */,
				3D7D70541C0397700090A82C /* main.m in Sources */,
				3D7D70B41C03CEA40090A82C /* ParseKey.m in Sources */,
				3D7D712E1C0525E80090A82C /* LoginViewController.m in Sources */,
				3D7D70FC1C04E0640090A82C /* LocationController.m in Sources */,
				3D7D708F1C03C9F40090A82C /* DetailViewController.m in Sources */,
			);
			runOnlyForDeploymentPostprocessing = 0;
		};
		3D7D70641C0397700090A82C /* Sources */ = {
			isa = PBXSourcesBuildPhase;
			buildActionMask = 2147483647;
			files = (
				3D7D706D1C0397700090A82C /* ReminderTests.m in Sources */,
			);
			runOnlyForDeploymentPostprocessing = 0;
		};
		3D7D706F1C0397700090A82C /* Sources */ = {
			isa = PBXSourcesBuildPhase;
			buildActionMask = 2147483647;
			files = (
				3D7D70781C0397700090A82C /* ReminderUITests.m in Sources */,
			);
			runOnlyForDeploymentPostprocessing = 0;
		};
/* End PBXSourcesBuildPhase section */

/* Begin PBXTargetDependency section */
		3D7D706A1C0397700090A82C /* PBXTargetDependency */ = {
			isa = PBXTargetDependency;
			target = 3D7D704E1C0397700090A82C /* Reminder */;
			targetProxy = 3D7D70691C0397700090A82C /* PBXContainerItemProxy */;
		};
		3D7D70751C0397700090A82C /* PBXTargetDependency */ = {
			isa = PBXTargetDependency;
			target = 3D7D704E1C0397700090A82C /* Reminder */;
			targetProxy = 3D7D70741C0397700090A82C /* PBXContainerItemProxy */;
		};
/* End PBXTargetDependency section */

/* Begin PBXVariantGroup section */
		3D7D705B1C0397700090A82C /* Main.storyboard */ = {
			isa = PBXVariantGroup;
			children = (
				3D7D705C1C0397700090A82C /* Base */,
			);
			name = Main.storyboard;
			path = Reminder;
			sourceTree = "<group>";
		};
		3D7D70601C0397700090A82C /* LaunchScreen.storyboard */ = {
			isa = PBXVariantGroup;
			children = (
				3D7D70611C0397700090A82C /* Base */,
			);
			name = LaunchScreen.storyboard;
			path = Reminder;
			sourceTree = "<group>";
		};
/* End PBXVariantGroup section */

/* Begin XCBuildConfiguration section */
		3D7D707A1C0397700090A82C /* Debug */ = {
			isa = XCBuildConfiguration;
			buildSettings = {
				ALWAYS_SEARCH_USER_PATHS = NO;
				CLANG_CXX_LANGUAGE_STANDARD = "gnu++0x";
				CLANG_CXX_LIBRARY = "libc++";
				CLANG_ENABLE_MODULES = YES;
				CLANG_ENABLE_OBJC_ARC = YES;
				CLANG_WARN_BOOL_CONVERSION = YES;
				CLANG_WARN_CONSTANT_CONVERSION = YES;
				CLANG_WARN_DIRECT_OBJC_ISA_USAGE = YES_ERROR;
				CLANG_WARN_EMPTY_BODY = YES;
				CLANG_WARN_ENUM_CONVERSION = YES;
				CLANG_WARN_INT_CONVERSION = YES;
				CLANG_WARN_OBJC_ROOT_CLASS = YES_ERROR;
				CLANG_WARN_UNREACHABLE_CODE = YES;
				CLANG_WARN__DUPLICATE_METHOD_MATCH = YES;
				"CODE_SIGN_IDENTITY[sdk=iphoneos*]" = "iPhone Developer";
				COPY_PHASE_STRIP = NO;
				DEBUG_INFORMATION_FORMAT = dwarf;
				ENABLE_STRICT_OBJC_MSGSEND = YES;
				ENABLE_TESTABILITY = YES;
				GCC_C_LANGUAGE_STANDARD = gnu99;
				GCC_DYNAMIC_NO_PIC = NO;
				GCC_NO_COMMON_BLOCKS = YES;
				GCC_OPTIMIZATION_LEVEL = 0;
				GCC_PREPROCESSOR_DEFINITIONS = (
					"DEBUG=1",
					"$(inherited)",
				);
				GCC_WARN_64_TO_32_BIT_CONVERSION = YES;
				GCC_WARN_ABOUT_RETURN_TYPE = YES_ERROR;
				GCC_WARN_UNDECLARED_SELECTOR = YES;
				GCC_WARN_UNINITIALIZED_AUTOS = YES_AGGRESSIVE;
				GCC_WARN_UNUSED_FUNCTION = YES;
				GCC_WARN_UNUSED_VARIABLE = YES;
				IPHONEOS_DEPLOYMENT_TARGET = 9.1;
				MTL_ENABLE_DEBUG_INFO = YES;
				ONLY_ACTIVE_ARCH = YES;
				SDKROOT = iphoneos;
				TARGETED_DEVICE_FAMILY = "1,2";
			};
			name = Debug;
		};
		3D7D707B1C0397700090A82C /* Release */ = {
			isa = XCBuildConfiguration;
			buildSettings = {
				ALWAYS_SEARCH_USER_PATHS = NO;
				CLANG_CXX_LANGUAGE_STANDARD = "gnu++0x";
				CLANG_CXX_LIBRARY = "libc++";
				CLANG_ENABLE_MODULES = YES;
				CLANG_ENABLE_OBJC_ARC = YES;
				CLANG_WARN_BOOL_CONVERSION = YES;
				CLANG_WARN_CONSTANT_CONVERSION = YES;
				CLANG_WARN_DIRECT_OBJC_ISA_USAGE = YES_ERROR;
				CLANG_WARN_EMPTY_BODY = YES;
				CLANG_WARN_ENUM_CONVERSION = YES;
				CLANG_WARN_INT_CONVERSION = YES;
				CLANG_WARN_OBJC_ROOT_CLASS = YES_ERROR;
				CLANG_WARN_UNREACHABLE_CODE = YES;
				CLANG_WARN__DUPLICATE_METHOD_MATCH = YES;
				"CODE_SIGN_IDENTITY[sdk=iphoneos*]" = "iPhone Developer";
				COPY_PHASE_STRIP = NO;
				DEBUG_INFORMATION_FORMAT = "dwarf-with-dsym";
				ENABLE_NS_ASSERTIONS = NO;
				ENABLE_STRICT_OBJC_MSGSEND = YES;
				GCC_C_LANGUAGE_STANDARD = gnu99;
				GCC_NO_COMMON_BLOCKS = YES;
				GCC_WARN_64_TO_32_BIT_CONVERSION = YES;
				GCC_WARN_ABOUT_RETURN_TYPE = YES_ERROR;
				GCC_WARN_UNDECLARED_SELECTOR = YES;
				GCC_WARN_UNINITIALIZED_AUTOS = YES_AGGRESSIVE;
				GCC_WARN_UNUSED_FUNCTION = YES;
				GCC_WARN_UNUSED_VARIABLE = YES;
				IPHONEOS_DEPLOYMENT_TARGET = 9.1;
				MTL_ENABLE_DEBUG_INFO = NO;
				SDKROOT = iphoneos;
				TARGETED_DEVICE_FAMILY = "1,2";
				VALIDATE_PRODUCT = YES;
			};
			name = Release;
		};
		3D7D707D1C0397700090A82C /* Debug */ = {
			isa = XCBuildConfiguration;
			buildSettings = {
				ASSETCATALOG_COMPILER_APPICON_NAME = AppIcon;
				FRAMEWORK_SEARCH_PATHS = (
					"$(inherited)",
					"$(PROJECT_DIR)",
				);
				INFOPLIST_FILE = Reminder/Info.plist;
				LD_RUNPATH_SEARCH_PATHS = "$(inherited) @executable_path/Frameworks";
				PRODUCT_BUNDLE_IDENTIFIER = com.cynthia.whitlatch.Reminder;
				PRODUCT_NAME = "$(TARGET_NAME)";
			};
			name = Debug;
		};
		3D7D707E1C0397700090A82C /* Release */ = {
			isa = XCBuildConfiguration;
			buildSettings = {
				ASSETCATALOG_COMPILER_APPICON_NAME = AppIcon;
				FRAMEWORK_SEARCH_PATHS = (
					"$(inherited)",
					"$(PROJECT_DIR)",
				);
				INFOPLIST_FILE = Reminder/Info.plist;
				LD_RUNPATH_SEARCH_PATHS = "$(inherited) @executable_path/Frameworks";
				PRODUCT_BUNDLE_IDENTIFIER = com.cynthia.whitlatch.Reminder;
				PRODUCT_NAME = "$(TARGET_NAME)";
			};
			name = Release;
		};
		3D7D70801C0397700090A82C /* Debug */ = {
			isa = XCBuildConfiguration;
			buildSettings = {
				BUNDLE_LOADER = "$(TEST_HOST)";
				INFOPLIST_FILE = ReminderTests/Info.plist;
				LD_RUNPATH_SEARCH_PATHS = "$(inherited) @executable_path/Frameworks @loader_path/Frameworks";
				PRODUCT_BUNDLE_IDENTIFIER = com.cynthia.whitlatch.ReminderTests;
				PRODUCT_NAME = "$(TARGET_NAME)";
				TEST_HOST = "$(BUILT_PRODUCTS_DIR)/Reminder.app/Reminder";
			};
			name = Debug;
		};
		3D7D70811C0397700090A82C /* Release */ = {
			isa = XCBuildConfiguration;
			buildSettings = {
				BUNDLE_LOADER = "$(TEST_HOST)";
				INFOPLIST_FILE = ReminderTests/Info.plist;
				LD_RUNPATH_SEARCH_PATHS = "$(inherited) @executable_path/Frameworks @loader_path/Frameworks";
				PRODUCT_BUNDLE_IDENTIFIER = com.cynthia.whitlatch.ReminderTests;
				PRODUCT_NAME = "$(TARGET_NAME)";
				TEST_HOST = "$(BUILT_PRODUCTS_DIR)/Reminder.app/Reminder";
			};
			name = Release;
		};
		3D7D70831C0397700090A82C /* Debug */ = {
			isa = XCBuildConfiguration;
			buildSettings = {
				INFOPLIST_FILE = ReminderUITests/Info.plist;
				LD_RUNPATH_SEARCH_PATHS = "$(inherited) @executable_path/Frameworks @loader_path/Frameworks";
				PRODUCT_BUNDLE_IDENTIFIER = com.cynthia.whitlatch.ReminderUITests;
				PRODUCT_NAME = "$(TARGET_NAME)";
				TEST_TARGET_NAME = Reminder;
				USES_XCTRUNNER = YES;
			};
			name = Debug;
		};
		3D7D70841C0397700090A82C /* Release */ = {
			isa = XCBuildConfiguration;
			buildSettings = {
				INFOPLIST_FILE = ReminderUITests/Info.plist;
				LD_RUNPATH_SEARCH_PATHS = "$(inherited) @executable_path/Frameworks @loader_path/Frameworks";
				PRODUCT_BUNDLE_IDENTIFIER = com.cynthia.whitlatch.ReminderUITests;
				PRODUCT_NAME = "$(TARGET_NAME)";
				TEST_TARGET_NAME = Reminder;
				USES_XCTRUNNER = YES;
			};
			name = Release;
		};
/* End XCBuildConfiguration section */

/* Begin XCConfigurationList section */
		3D7D704A1C0397700090A82C /* Build configuration list for PBXProject "Reminder" */ = {
			isa = XCConfigurationList;
			buildConfigurations = (
				3D7D707A1C0397700090A82C /* Debug */,
				3D7D707B1C0397700090A82C /* Release */,
			);
			defaultConfigurationIsVisible = 0;
			defaultConfigurationName = Release;
		};
		3D7D707C1C0397700090A82C /* Build configuration list for PBXNativeTarget "Reminder" */ = {
			isa = XCConfigurationList;
			buildConfigurations = (
				3D7D707D1C0397700090A82C /* Debug */,
				3D7D707E1C0397700090A82C /* Release */,
			);
			defaultConfigurationIsVisible = 0;
			defaultConfigurationName = Release;
		};
		3D7D707F1C0397700090A82C /* Build configuration list for PBXNativeTarget "ReminderTests" */ = {
			isa = XCConfigurationList;
			buildConfigurations = (
				3D7D70801C0397700090A82C /* Debug */,
				3D7D70811C0397700090A82C /* Release */,
			);
			defaultConfigurationIsVisible = 0;
			defaultConfigurationName = Release;
		};
		3D7D70821C0397700090A82C /* Build configuration list for PBXNativeTarget "ReminderUITests" */ = {
			isa = XCConfigurationList;
			buildConfigurations = (
				3D7D70831C0397700090A82C /* Debug */,
				3D7D70841C0397700090A82C /* Release */,
			);
			defaultConfigurationIsVisible = 0;
			defaultConfigurationName = Release;
		};
/* End XCConfigurationList section */
	};
	rootObject = 3D7D70471C0397700090A82C /* Project object */;
}
